
Microsoft Visual Studio Solution File, Format Version 12.00
# Visual Studio Version 17
VisualStudioVersion = 17.12.35527.113
MinimumVisualStudioVersion = 10.0.40219.1
Project("{9A19103F-16F7-4668-BE54-9A1E7A4F7556}") = "Study_3_DB", "Study_3_DB\Study_3_DB.csproj", "{44432A8E-7F8D-4411-A5E7-D6AAFD12D5F5}"
EndProject
Project("{9A19103F-16F7-4668-BE54-9A1E7A4F7556}") = "RelationModel", "RelationModel\RelationModel.csproj", "{0A666C8D-C058-4EEE-8CE8-35EF64A773CA}"
EndProject
Project("{9A19103F-16F7-4668-BE54-9A1E7A4F7556}") = "NonrealationModel", "NonrealationModel\NonrealationModel.csproj", "{1718A7E9-047B-45C6-AF0B-B00EC15E7FC0}"
EndProject
Project("{2150E333-8FDC-42A3-9474-1A3956D46DE8}") = "01_RelationBD", "01_RelationBD", "{71DEFAB4-B113-49EF-8999-D885E1D90C7B}"
EndProject
Project("{2150E333-8FDC-42A3-9474-1A3956D46DE8}") = "02_SQL", "02_SQL", "{8CA09265-A72C-4950-A855-644CFF5B005D}"
	ProjectSection(SolutionItems) = preProject
		JoinQueryResults.txt = JoinQueryResults.txt
		JOIN_QueryFromSeveralTables.txt = JOIN_QueryFromSeveralTables.txt
		OperatorsAndFunctions.txt = OperatorsAndFunctions.txt
		PostgresSQL_DBeaver.txt = PostgresSQL_DBeaver.txt
		Query_Basis.txt = Query_Basis.txt
		SortAndAgregation.txt = SortAndAgregation.txt
	EndProjectSection
EndProject
Project("{2150E333-8FDC-42A3-9474-1A3956D46DE8}") = "03_DML_DDL_Transaction_DBDeveloping", "03_DML_DDL_Transaction_DBDeveloping", "{A5008903-C23B-4E5F-AD68-8C1327DE8161}"
	ProjectSection(SolutionItems) = preProject
		DataMetadata.txt = DataMetadata.txt
		DDL.txt = DDL.txt
		DDL_DML_CRUD.txt = DDL_DML_CRUD.txt
		DML.txt = DML.txt
		NormalFormDB.txt = NormalFormDB.txt
		Transaction.txt = Transaction.txt
	EndProjectSection
EndProject
Project("{2150E333-8FDC-42A3-9474-1A3956D46DE8}") = "04_AdvancedUseBD", "04_AdvancedUseBD", "{56C5625B-E56D-484C-A8EE-9F8DACAF1BB6}"
	ProjectSection(SolutionItems) = preProject
		Indexes.txt = Indexes.txt
		ProcedureAndFunction.txt = ProcedureAndFunction.txt
		Subquery.txt = Subquery.txt
		Triggers.txt = Triggers.txt
		View.txt = View.txt
	EndProjectSection
EndProject
Project("{2150E333-8FDC-42A3-9474-1A3956D46DE8}") = "ADO.NET", "ADO.NET", "{F4F87D40-DF07-4D16-A22F-90E49307DE47}"
	ProjectSection(SolutionItems) = preProject
		ADO.NET.txt = ADO.NET.txt
	EndProjectSection
EndProject
Project("{2150E333-8FDC-42A3-9474-1A3956D46DE8}") = "Элементы решения", "Элементы решения", "{A5AEF8D8-26DA-4CF0-9183-8EE6BF5D6C35}"
	ProjectSection(SolutionItems) = preProject
		Common.txt = Common.txt
		ForInterview.txt = ForInterview.txt
	EndProjectSection
EndProject
Global
	GlobalSection(SolutionConfigurationPlatforms) = preSolution
		Debug|Any CPU = Debug|Any CPU
		Release|Any CPU = Release|Any CPU
	EndGlobalSection
	GlobalSection(ProjectConfigurationPlatforms) = postSolution
		{44432A8E-7F8D-4411-A5E7-D6AAFD12D5F5}.Debug|Any CPU.ActiveCfg = Debug|Any CPU
		{44432A8E-7F8D-4411-A5E7-D6AAFD12D5F5}.Debug|Any CPU.Build.0 = Debug|Any CPU
		{44432A8E-7F8D-4411-A5E7-D6AAFD12D5F5}.Release|Any CPU.ActiveCfg = Release|Any CPU
		{44432A8E-7F8D-4411-A5E7-D6AAFD12D5F5}.Release|Any CPU.Build.0 = Release|Any CPU
		{0A666C8D-C058-4EEE-8CE8-35EF64A773CA}.Debug|Any CPU.ActiveCfg = Debug|Any CPU
		{0A666C8D-C058-4EEE-8CE8-35EF64A773CA}.Debug|Any CPU.Build.0 = Debug|Any CPU
		{0A666C8D-C058-4EEE-8CE8-35EF64A773CA}.Release|Any CPU.ActiveCfg = Release|Any CPU
		{0A666C8D-C058-4EEE-8CE8-35EF64A773CA}.Release|Any CPU.Build.0 = Release|Any CPU
		{1718A7E9-047B-45C6-AF0B-B00EC15E7FC0}.Debug|Any CPU.ActiveCfg = Debug|Any CPU
		{1718A7E9-047B-45C6-AF0B-B00EC15E7FC0}.Debug|Any CPU.Build.0 = Debug|Any CPU
		{1718A7E9-047B-45C6-AF0B-B00EC15E7FC0}.Release|Any CPU.ActiveCfg = Release|Any CPU
		{1718A7E9-047B-45C6-AF0B-B00EC15E7FC0}.Release|Any CPU.Build.0 = Release|Any CPU
	EndGlobalSection
	GlobalSection(SolutionProperties) = preSolution
		HideSolutionNode = FALSE
	EndGlobalSection
	GlobalSection(NestedProjects) = preSolution
		{0A666C8D-C058-4EEE-8CE8-35EF64A773CA} = {71DEFAB4-B113-49EF-8999-D885E1D90C7B}
		{1718A7E9-047B-45C6-AF0B-B00EC15E7FC0} = {71DEFAB4-B113-49EF-8999-D885E1D90C7B}
	EndGlobalSection
	GlobalSection(ExtensibilityGlobals) = postSolution
		SolutionGuid = {BD1E5803-1A31-4D78-B1D7-970D7E837F7A}
	EndGlobalSection
EndGlobal
